
Microsoft Visual Studio Solution File, Format Version 12.00
# Visual Studio 14
VisualStudioVersion = 14.0.23107.0
MinimumVisualStudioVersion = 10.0.40219.1
Project("{FAE04EC0-301F-11D3-BF4B-00C04F79EFBC}") = "01.Exchange-If-Greater", "01.Exchange-If-Greater\01.Exchange-If-Greater.csproj", "{C3114B2A-9AA9-4947-A2A6-4C646D467909}"
EndProject
Project("{FAE04EC0-301F-11D3-BF4B-00C04F79EFBC}") = "02.Bonus-Score", "02.Bonus-Score\02.Bonus-Score.csproj", "{FA31F866-C84E-42F6-812D-55D44EA0711B}"
EndProject
Project("{FAE04EC0-301F-11D3-BF4B-00C04F79EFBC}") = "03.Check-For-A-Play-Card", "03.Check-For-A-Play-Card\03.Check-For-A-Play-Card.csproj", "{1D43A98D-0900-4EE1-92B1-D8FA6BCA7C99}"
EndProject
Project("{FAE04EC0-301F-11D3-BF4B-00C04F79EFBC}") = "04.Multiplication-Sign", "04.Multiplication-Sign\04.Multiplication-Sign.csproj", "{F7476961-6B29-4243-A08E-06992A24EE72}"
EndProject
Project("{FAE04EC0-301F-11D3-BF4B-00C04F79EFBC}") = "05.The-Biggest-Of-Three", "05.The-Biggest-Of-Three\05.The-Biggest-Of-Three.csproj", "{4BE6A46F-D36E-421C-87A0-13D958BC902D}"
EndProject
Project("{FAE04EC0-301F-11D3-BF4B-00C04F79EFBC}") = "06.The-Biggest-Of-Five", "06.The-Biggest-Of-Five\06.The-Biggest-Of-Five.csproj", "{C051A9B2-CFE7-4153-BB56-65FBDF6B1FD7}"
EndProject
Project("{FAE04EC0-301F-11D3-BF4B-00C04F79EFBC}") = "07.Sort-Three-Numbers", "07.Sort-Three-Numbers\07.Sort-Three-Numbers.csproj", "{F55D1DF3-9EEA-4836-8A9B-23AE568340C2}"
EndProject
Project("{FAE04EC0-301F-11D3-BF4B-00C04F79EFBC}") = "08.Digit-Аs-Word", "08.Digit-Аs-Word\08.Digit-Аs-Word.csproj", "{E42B079E-B371-4102-9A74-7FC3791807B1}"
EndProject
Project("{FAE04EC0-301F-11D3-BF4B-00C04F79EFBC}") = "09.Play-With-Int-Double-String", "09.Play-With-Int-Double-String\09.Play-With-Int-Double-String.csproj", "{3BC29CA1-0BF6-4DAE-A2F4-5DCE559E0675}"
EndProject
Project("{FAE04EC0-301F-11D3-BF4B-00C04F79EFBC}") = "10.Beer-Time", "10.Beer-Time\10.Beer-Time.csproj", "{B31B2BBE-FF7C-40ED-A4F3-F8360EB1C783}"
EndProject
Project("{FAE04EC0-301F-11D3-BF4B-00C04F79EFBC}") = "11.Number-As-Words", "11.Number-As-Words\11.Number-As-Words.csproj", "{34FDD418-6909-47CE-9155-86EC1C61C9B5}"
EndProject
Global
	GlobalSection(SolutionConfigurationPlatforms) = preSolution
		Debug|Any CPU = Debug|Any CPU
		Release|Any CPU = Release|Any CPU
	EndGlobalSection
	GlobalSection(ProjectConfigurationPlatforms) = postSolution
		{C3114B2A-9AA9-4947-A2A6-4C646D467909}.Debug|Any CPU.ActiveCfg = Debug|Any CPU
		{C3114B2A-9AA9-4947-A2A6-4C646D467909}.Debug|Any CPU.Build.0 = Debug|Any CPU
		{C3114B2A-9AA9-4947-A2A6-4C646D467909}.Release|Any CPU.ActiveCfg = Release|Any CPU
		{C3114B2A-9AA9-4947-A2A6-4C646D467909}.Release|Any CPU.Build.0 = Release|Any CPU
		{FA31F866-C84E-42F6-812D-55D44EA0711B}.Debug|Any CPU.ActiveCfg = Debug|Any CPU
		{FA31F866-C84E-42F6-812D-55D44EA0711B}.Debug|Any CPU.Build.0 = Debug|Any CPU
		{FA31F866-C84E-42F6-812D-55D44EA0711B}.Release|Any CPU.ActiveCfg = Release|Any CPU
		{FA31F866-C84E-42F6-812D-55D44EA0711B}.Release|Any CPU.Build.0 = Release|Any CPU
		{1D43A98D-0900-4EE1-92B1-D8FA6BCA7C99}.Debug|Any CPU.ActiveCfg = Debug|Any CPU
		{1D43A98D-0900-4EE1-92B1-D8FA6BCA7C99}.Debug|Any CPU.Build.0 = Debug|Any CPU
		{1D43A98D-0900-4EE1-92B1-D8FA6BCA7C99}.Release|Any CPU.ActiveCfg = Release|Any CPU
		{1D43A98D-0900-4EE1-92B1-D8FA6BCA7C99}.Release|Any CPU.Build.0 = Release|Any CPU
		{F7476961-6B29-4243-A08E-06992A24EE72}.Debug|Any CPU.ActiveCfg = Debug|Any CPU
		{F7476961-6B29-4243-A08E-06992A24EE72}.Debug|Any CPU.Build.0 = Debug|Any CPU
		{F7476961-6B29-4243-A08E-06992A24EE72}.Release|Any CPU.ActiveCfg = Release|Any CPU
		{F7476961-6B29-4243-A08E-06992A24EE72}.Release|Any CPU.Build.0 = Release|Any CPU
		{4BE6A46F-D36E-421C-87A0-13D958BC902D}.Debug|Any CPU.ActiveCfg = Debug|Any CPU
		{4BE6A46F-D36E-421C-87A0-13D958BC902D}.Debug|Any CPU.Build.0 = Debug|Any CPU
		{4BE6A46F-D36E-421C-87A0-13D958BC902D}.Release|Any CPU.ActiveCfg = Release|Any CPU
		{4BE6A46F-D36E-421C-87A0-13D958BC902D}.Release|Any CPU.Build.0 = Release|Any CPU
		{C051A9B2-CFE7-4153-BB56-65FBDF6B1FD7}.Debug|Any CPU.ActiveCfg = Debug|Any CPU
		{C051A9B2-CFE7-4153-BB56-65FBDF6B1FD7}.Debug|Any CPU.Build.0 = Debug|Any CPU
		{C051A9B2-CFE7-4153-BB56-65FBDF6B1FD7}.Release|Any CPU.ActiveCfg = Release|Any CPU
		{C051A9B2-CFE7-4153-BB56-65FBDF6B1FD7}.Release|Any CPU.Build.0 = Release|Any CPU
		{F55D1DF3-9EEA-4836-8A9B-23AE568340C2}.Debug|Any CPU.ActiveCfg = Debug|Any CPU
		{F55D1DF3-9EEA-4836-8A9B-23AE568340C2}.Debug|Any CPU.Build.0 = Debug|Any CPU
		{F55D1DF3-9EEA-4836-8A9B-23AE568340C2}.Release|Any CPU.ActiveCfg = Release|Any CPU
		{F55D1DF3-9EEA-4836-8A9B-23AE568340C2}.Release|Any CPU.Build.0 = Release|Any CPU
		{E42B079E-B371-4102-9A74-7FC3791807B1}.Debug|Any CPU.ActiveCfg = Debug|Any CPU
		{E42B079E-B371-4102-9A74-7FC3791807B1}.Debug|Any CPU.Build.0 = Debug|Any CPU
		{E42B079E-B371-4102-9A74-7FC3791807B1}.Release|Any CPU.ActiveCfg = Release|Any CPU
		{E42B079E-B371-4102-9A74-7FC3791807B1}.Release|Any CPU.Build.0 = Release|Any CPU
		{3BC29CA1-0BF6-4DAE-A2F4-5DCE559E0675}.Debug|Any CPU.ActiveCfg = Debug|Any CPU
		{3BC29CA1-0BF6-4DAE-A2F4-5DCE559E0675}.Debug|Any CPU.Build.0 = Debug|Any CPU
		{3BC29CA1-0BF6-4DAE-A2F4-5DCE559E0675}.Release|Any CPU.ActiveCfg = Release|Any CPU
		{3BC29CA1-0BF6-4DAE-A2F4-5DCE559E0675}.Release|Any CPU.Build.0 = Release|Any CPU
		{B31B2BBE-FF7C-40ED-A4F3-F8360EB1C783}.Debug|Any CPU.ActiveCfg = Debug|Any CPU
		{B31B2BBE-FF7C-40ED-A4F3-F8360EB1C783}.Debug|Any CPU.Build.0 = Debug|Any CPU
		{B31B2BBE-FF7C-40ED-A4F3-F8360EB1C783}.Release|Any CPU.ActiveCfg = Release|Any CPU
		{B31B2BBE-FF7C-40ED-A4F3-F8360EB1C783}.Release|Any CPU.Build.0 = Release|Any CPU
		{34FDD418-6909-47CE-9155-86EC1C61C9B5}.Debug|Any CPU.ActiveCfg = Debug|Any CPU
		{34FDD418-6909-47CE-9155-86EC1C61C9B5}.Debug|Any CPU.Build.0 = Debug|Any CPU
		{34FDD418-6909-47CE-9155-86EC1C61C9B5}.Release|Any CPU.ActiveCfg = Release|Any CPU
		{34FDD418-6909-47CE-9155-86EC1C61C9B5}.Release|Any CPU.Build.0 = Release|Any CPU
	EndGlobalSection
	GlobalSection(SolutionProperties) = preSolution
		HideSolutionNode = FALSE
	EndGlobalSection
EndGlobal
